{
  "name": "nextn",
  "version": "0.1.0",
  "lockfileVersion": 3,
  "requires": true,
  "packages": {
    "": {
      "name": "nextn",
      "version": "0.1.0",
      "license": "ISC",
      "dependencies": {
        "next": "^15.1.0",
        "react": "^19.0.0",
        "react-dom": "^19.0.0"
      }
    }
  }
}
